
Microsoft Visual Studio Solution File, Format Version 12.00
# Visual Studio Version 16
VisualStudioVersion = 16.0.31702.278
MinimumVisualStudioVersion = 10.0.40219.1
Project("{FAE04EC0-301F-11D3-BF4B-00C04F79EFBC}") = "TestEstimateActual", "TestEstimateActual\TestEstimateActual.csproj", "{7CE811E4-DC05-4DC8-AE03-22CF0CD31C7A}"
EndProject
Global
	GlobalSection(SolutionConfigurationPlatforms) = preSolution
		Debug|Any CPU = Debug|Any CPU
		Release|Any CPU = Release|Any CPU
	EndGlobalSection
	GlobalSection(ProjectConfigurationPlatforms) = postSolution
		{7CE811E4-DC05-4DC8-AE03-22CF0CD31C7A}.Debug|Any CPU.ActiveCfg = Debug|Any CPU
		{7CE811E4-DC05-4DC8-AE03-22CF0CD31C7A}.Debug|Any CPU.Build.0 = Debug|Any CPU
		{7CE811E4-DC05-4DC8-AE03-22CF0CD31C7A}.Release|Any CPU.ActiveCfg = Release|Any CPU
		{7CE811E4-DC05-4DC8-AE03-22CF0CD31C7A}.Release|Any CPU.Build.0 = Release|Any CPU
	EndGlobalSection
	GlobalSection(SolutionProperties) = preSolution
		HideSolutionNode = FALSE
	EndGlobalSection
	GlobalSection(ExtensibilityGlobals) = postSolution
		SolutionGuid = {B936D559-84B1-42AC-A64C-CA94DA6CF096}
	EndGlobalSection
EndGlobal
